
Microsoft Visual Studio Solution File, Format Version 12.00
# Visual Studio Version 17
VisualStudioVersion = 17.5.33627.172
MinimumVisualStudioVersion = 10.0.40219.1
Project("{2150E333-8FDC-42A3-9474-1A3956D46DE8}") = "FRONT", "FRONT", "{9BD97A2C-C82E-4BBB-8BF5-E82C5821EDD7}"
EndProject
Project("{2150E333-8FDC-42A3-9474-1A3956D46DE8}") = "MENU", "MENU", "{1BB944C9-68E3-4F02-BDC0-5A4C7571308D}"
EndProject
Project("{9A19103F-16F7-4668-BE54-9A1E7A4F7556}") = "GSM01000Common", "COMMON\GS\GSM01000Common\GSM01000Common.csproj", "{7C7BA6B4-9C6B-4E4A-BE5E-875897B0E821}"
EndProject
Project("{2150E333-8FDC-42A3-9474-1A3956D46DE8}") = "GSM01000 - Chart of Account", "GSM01000 - Chart of Account", "{26B752B7-4DFF-4AE3-A95C-E123D794670E}"
EndProject
Project("{2150E333-8FDC-42A3-9474-1A3956D46DE8}") = "PublicLookupCommon", "PublicLookupCommon", "{B3945D69-3B3D-48BA-AB34-A9FCE1998703}"
EndProject
Project("{9A19103F-16F7-4668-BE54-9A1E7A4F7556}") = "Lookup_GSCOMMON", "..\..\BS Shared Form\SOURCE\BACK\Lookup_GSCOMMON\Lookup_GSCOMMON.csproj", "{64EF7C7B-4156-4E13-85DB-0C20E487BF04}"
EndProject
Project("{2150E333-8FDC-42A3-9474-1A3956D46DE8}") = "PublicLookupFront", "PublicLookupFront", "{0F83A37A-1C12-4A4E-A6D7-5F8434613450}"
EndProject
Project("{9A19103F-16F7-4668-BE54-9A1E7A4F7556}") = "Lookup_GSModel", "..\..\BS Shared Form\SOURCE\FRONT\Lookup_GSModel\Lookup_GSModel.csproj", "{182E944E-5EB1-4722-BC96-BA3191D40456}"
EndProject
Project("{2150E333-8FDC-42A3-9474-1A3956D46DE8}") = "GSM07500 - Period", "GSM07500 - Period", "{42D66E81-043B-4549-BDFB-ACA255C26432}"
EndProject
Project("{9A19103F-16F7-4668-BE54-9A1E7A4F7556}") = "GSM01000Model", "FRONT\GS\GSM01000Model\GSM01000Model.csproj", "{0234C11D-6B0C-4CFB-90A9-C00D9041EC8F}"
EndProject
Project("{9A19103F-16F7-4668-BE54-9A1E7A4F7556}") = "GSM01000Front", "FRONT\GS\GSM01000Front\GSM01000Front.csproj", "{8FFBDC60-C01E-4A91-BC62-349CF5E2ABC4}"
EndProject
Project("{9A19103F-16F7-4668-BE54-9A1E7A4F7556}") = "GSM07500Model", "FRONT\GS\GSM07500Model\GSM07500Model.csproj", "{D5ABC194-546B-4790-9358-1B78AFC6E127}"
EndProject
Project("{9A19103F-16F7-4668-BE54-9A1E7A4F7556}") = "GSM07500Common", "COMMON\GS\GSM07500Common\GSM07500Common.csproj", "{8403AD84-77F9-4F97-9B30-758DAE73503A}"
EndProject
Project("{9A19103F-16F7-4668-BE54-9A1E7A4F7556}") = "GSM07500Front", "FRONT\GS\GSM07500Front\GSM07500Front.csproj", "{31918928-0F00-4290-8EB1-B0099E0D0048}"
EndProject
Project("{9A19103F-16F7-4668-BE54-9A1E7A4F7556}") = "BlazorMenu", "..\..\SYSTEM\SOURCE\Menu\BlazorMenu\BlazorMenu.csproj", "{D94A52FC-F429-4A55-BB34-D50EF966F6EB}"
EndProject
Project("{2150E333-8FDC-42A3-9474-1A3956D46DE8}") = "GS", "GS", "{8080A42A-9D5A-4716-8AE1-4F6647EAF735}"
EndProject
Project("{2150E333-8FDC-42A3-9474-1A3956D46DE8}") = "COMMON", "COMMON", "{BD0C008F-753D-4328-8201-CE48C302E9F6}"
EndProject
Project("{2150E333-8FDC-42A3-9474-1A3956D46DE8}") = "GS", "GS", "{3A458386-1C95-4B04-AB49-5063F7BDFC19}"
EndProject
Project("{2150E333-8FDC-42A3-9474-1A3956D46DE8}") = "GSM01000", "GSM01000", "{AEF2361A-6907-469B-8727-821C6D231785}"
EndProject
Project("{2150E333-8FDC-42A3-9474-1A3956D46DE8}") = "GSM07500", "GSM07500", "{0E83FE78-0F07-4EBD-ADAB-54FC51C8D168}"
EndProject
Project("{2150E333-8FDC-42A3-9474-1A3956D46DE8}") = "LM", "LM", "{91599D89-9845-4EA4-80AC-A91027C8F2AA}"
EndProject
Project("{2150E333-8FDC-42A3-9474-1A3956D46DE8}") = "LMM05000", "LMM05000", "{9AD4596F-8B97-4D7E-8C25-47A12F438192}"
EndProject
Project("{9A19103F-16F7-4668-BE54-9A1E7A4F7556}") = "LMM05000Common", "COMMON\LMM05000Common\LMM05000Common.csproj", "{63123992-1D5D-4CA8-B7B5-7DBD2F4E8E40}"
EndProject
Project("{2150E333-8FDC-42A3-9474-1A3956D46DE8}") = "LM", "LM", "{1CB433CB-091C-4D3A-8245-DEDCF54B1270}"
EndProject
Project("{2150E333-8FDC-42A3-9474-1A3956D46DE8}") = "LM05000", "LM05000", "{A595C5E1-EE67-4836-A772-8150E53B285A}"
EndProject
Project("{2150E333-8FDC-42A3-9474-1A3956D46DE8}") = "GSM08500 - Statistic Account", "GSM08500 - Statistic Account", "{8B494A16-0B6D-4679-B773-98C48A44156C}"
EndProject
Project("{9A19103F-16F7-4668-BE54-9A1E7A4F7556}") = "GSM08500Model", "FRONT\GS\GSM08500Model\GSM08500Model.csproj", "{BA855ADA-51E7-4315-AA7E-04BC39DD43BC}"
EndProject
Project("{2150E333-8FDC-42A3-9474-1A3956D46DE8}") = "GSM08500", "GSM08500", "{D41B44A8-7E20-4BE6-B582-2AC83534A8A6}"
EndProject
Project("{9A19103F-16F7-4668-BE54-9A1E7A4F7556}") = "GSM08500Common", "COMMON\GS\GSM08500Common\GSM08500Common.csproj", "{B05849F3-DF41-4F6E-9C31-D3F309E1C7CD}"
EndProject
Project("{9A19103F-16F7-4668-BE54-9A1E7A4F7556}") = "GSM08500Front", "FRONT\GS\GSM08500Front\GSM08500Front.csproj", "{E90ECEA0-5EA7-4060-8372-F31EC2D8E2FC}"
EndProject
Project("{9A19103F-16F7-4668-BE54-9A1E7A4F7556}") = "LMM05000Front", "FRONT\LM\LMM05000Front\LMM05000Front.csproj", "{24091C8E-60BE-4DEA-A7F3-D515E4E4D2AB}"
EndProject
Project("{9A19103F-16F7-4668-BE54-9A1E7A4F7556}") = "LMM05000Model", "FRONT\LM\LMM05000Model\LMM05000Model.csproj", "{F05B6BE1-1C1A-45AA-8D4E-C265A4180CB0}"
EndProject
Project("{9A19103F-16F7-4668-BE54-9A1E7A4F7556}") = "Lookup_GSFRONT", "..\..\BS Shared Form\SOURCE\FRONT\Lookup_GSFRONT\Lookup_GSFRONT.csproj", "{765B13BC-E9CA-48D3-A83E-3496A99499DA}"
EndProject
Project("{2150E333-8FDC-42A3-9474-1A3956D46DE8}") = "GL", "GL", "{9F5B542E-9058-4825-B053-31B6C8638FA6}"
EndProject
Project("{2150E333-8FDC-42A3-9474-1A3956D46DE8}") = "GLT00600", "GLT00600", "{9637AAD4-6B14-4F11-B4A3-B356033A5974}"
EndProject
Project("{9A19103F-16F7-4668-BE54-9A1E7A4F7556}") = "GLT00600Common", "COMMON\GLT00600Common\GLT00600Common.csproj", "{F5C1FDCC-36A3-4B3F-B718-25AB17E4AE08}"
EndProject
Project("{2150E333-8FDC-42A3-9474-1A3956D46DE8}") = "GL", "GL", "{79AF2F48-2AA3-42C8-914B-F1F49621408E}"
EndProject
Project("{2150E333-8FDC-42A3-9474-1A3956D46DE8}") = "GLT00600", "GLT00600", "{70683C91-46C4-453F-ACB5-60B7958CC78A}"
EndProject
Project("{9A19103F-16F7-4668-BE54-9A1E7A4F7556}") = "GLT00600Model", "FRONT\GL\GLT00600Model\GLT00600Model.csproj", "{0C0D8C86-5414-4F06-9D0A-B5E956219EE7}"
EndProject
Project("{9A19103F-16F7-4668-BE54-9A1E7A4F7556}") = "GLT00600Front", "FRONT\GL\GLT00600Front\GLT00600Front.csproj", "{278F9A8F-E0CA-4B90-A54E-6F95083804CE}"
EndProject
Project("{2150E333-8FDC-42A3-9474-1A3956D46DE8}") = "GF", "GF", "{8D907BD6-F35E-4E10-96C3-1ACAB31C6CA8}"
EndProject
Project("{2150E333-8FDC-42A3-9474-1A3956D46DE8}") = "GFF00900", "GFF00900", "{8D62248C-1B26-4304-9168-7C05ABE5C60D}"
EndProject
Project("{2150E333-8FDC-42A3-9474-1A3956D46DE8}") = "GF", "GF", "{6ABA1998-89CA-48DF-8163-5D1CD76E2901}"
EndProject
Project("{2150E333-8FDC-42A3-9474-1A3956D46DE8}") = "GFF00900", "GFF00900", "{2270AB25-30CE-4D7A-9BAA-F642D8A0F023}"
EndProject
Project("{9A19103F-16F7-4668-BE54-9A1E7A4F7556}") = "GFF00900COMMON", "BACK\GF\GFF00900COMMON\GFF00900COMMON.csproj", "{BD5F5924-2C02-44F4-9E6A-8B7DCFCE6472}"
EndProject
Project("{9A19103F-16F7-4668-BE54-9A1E7A4F7556}") = "GFF00900FRONT", "FRONT\GF\GFF00900FRONT\GFF00900FRONT.csproj", "{E85E1488-F851-4308-8ADA-D36C3C9D673D}"
EndProject
Project("{9A19103F-16F7-4668-BE54-9A1E7A4F7556}") = "GFF0900Model", "FRONT\GF\GFF00900Model\GFF0900Model.csproj", "{2B62B9BB-4F4A-49E2-806F-A18C4EE67995}"
EndProject
Global
	GlobalSection(SolutionConfigurationPlatforms) = preSolution
		Debug|Any CPU = Debug|Any CPU
		Release|Any CPU = Release|Any CPU
	EndGlobalSection
	GlobalSection(ProjectConfigurationPlatforms) = postSolution
		{7C7BA6B4-9C6B-4E4A-BE5E-875897B0E821}.Debug|Any CPU.ActiveCfg = Debug|Any CPU
		{7C7BA6B4-9C6B-4E4A-BE5E-875897B0E821}.Debug|Any CPU.Build.0 = Debug|Any CPU
		{7C7BA6B4-9C6B-4E4A-BE5E-875897B0E821}.Release|Any CPU.ActiveCfg = Release|Any CPU
		{7C7BA6B4-9C6B-4E4A-BE5E-875897B0E821}.Release|Any CPU.Build.0 = Release|Any CPU
		{64EF7C7B-4156-4E13-85DB-0C20E487BF04}.Debug|Any CPU.ActiveCfg = Debug|Any CPU
		{64EF7C7B-4156-4E13-85DB-0C20E487BF04}.Debug|Any CPU.Build.0 = Debug|Any CPU
		{64EF7C7B-4156-4E13-85DB-0C20E487BF04}.Release|Any CPU.ActiveCfg = Release|Any CPU
		{64EF7C7B-4156-4E13-85DB-0C20E487BF04}.Release|Any CPU.Build.0 = Release|Any CPU
		{182E944E-5EB1-4722-BC96-BA3191D40456}.Debug|Any CPU.ActiveCfg = Debug|Any CPU
		{182E944E-5EB1-4722-BC96-BA3191D40456}.Debug|Any CPU.Build.0 = Debug|Any CPU
		{182E944E-5EB1-4722-BC96-BA3191D40456}.Release|Any CPU.ActiveCfg = Release|Any CPU
		{182E944E-5EB1-4722-BC96-BA3191D40456}.Release|Any CPU.Build.0 = Release|Any CPU
		{0234C11D-6B0C-4CFB-90A9-C00D9041EC8F}.Debug|Any CPU.ActiveCfg = Debug|Any CPU
		{0234C11D-6B0C-4CFB-90A9-C00D9041EC8F}.Debug|Any CPU.Build.0 = Debug|Any CPU
		{0234C11D-6B0C-4CFB-90A9-C00D9041EC8F}.Release|Any CPU.ActiveCfg = Release|Any CPU
		{0234C11D-6B0C-4CFB-90A9-C00D9041EC8F}.Release|Any CPU.Build.0 = Release|Any CPU
		{8FFBDC60-C01E-4A91-BC62-349CF5E2ABC4}.Debug|Any CPU.ActiveCfg = Debug|Any CPU
		{8FFBDC60-C01E-4A91-BC62-349CF5E2ABC4}.Debug|Any CPU.Build.0 = Debug|Any CPU
		{8FFBDC60-C01E-4A91-BC62-349CF5E2ABC4}.Release|Any CPU.ActiveCfg = Release|Any CPU
		{8FFBDC60-C01E-4A91-BC62-349CF5E2ABC4}.Release|Any CPU.Build.0 = Release|Any CPU
		{D5ABC194-546B-4790-9358-1B78AFC6E127}.Debug|Any CPU.ActiveCfg = Debug|Any CPU
		{D5ABC194-546B-4790-9358-1B78AFC6E127}.Debug|Any CPU.Build.0 = Debug|Any CPU
		{D5ABC194-546B-4790-9358-1B78AFC6E127}.Release|Any CPU.ActiveCfg = Release|Any CPU
		{D5ABC194-546B-4790-9358-1B78AFC6E127}.Release|Any CPU.Build.0 = Release|Any CPU
		{8403AD84-77F9-4F97-9B30-758DAE73503A}.Debug|Any CPU.ActiveCfg = Debug|Any CPU
		{8403AD84-77F9-4F97-9B30-758DAE73503A}.Debug|Any CPU.Build.0 = Debug|Any CPU
		{8403AD84-77F9-4F97-9B30-758DAE73503A}.Release|Any CPU.ActiveCfg = Release|Any CPU
		{8403AD84-77F9-4F97-9B30-758DAE73503A}.Release|Any CPU.Build.0 = Release|Any CPU
		{31918928-0F00-4290-8EB1-B0099E0D0048}.Debug|Any CPU.ActiveCfg = Debug|Any CPU
		{31918928-0F00-4290-8EB1-B0099E0D0048}.Debug|Any CPU.Build.0 = Debug|Any CPU
		{31918928-0F00-4290-8EB1-B0099E0D0048}.Release|Any CPU.ActiveCfg = Release|Any CPU
		{31918928-0F00-4290-8EB1-B0099E0D0048}.Release|Any CPU.Build.0 = Release|Any CPU
		{D94A52FC-F429-4A55-BB34-D50EF966F6EB}.Debug|Any CPU.ActiveCfg = Debug|Any CPU
		{D94A52FC-F429-4A55-BB34-D50EF966F6EB}.Debug|Any CPU.Build.0 = Debug|Any CPU
		{D94A52FC-F429-4A55-BB34-D50EF966F6EB}.Release|Any CPU.ActiveCfg = Release|Any CPU
		{D94A52FC-F429-4A55-BB34-D50EF966F6EB}.Release|Any CPU.Build.0 = Release|Any CPU
		{63123992-1D5D-4CA8-B7B5-7DBD2F4E8E40}.Debug|Any CPU.ActiveCfg = Debug|Any CPU
		{63123992-1D5D-4CA8-B7B5-7DBD2F4E8E40}.Debug|Any CPU.Build.0 = Debug|Any CPU
		{63123992-1D5D-4CA8-B7B5-7DBD2F4E8E40}.Release|Any CPU.ActiveCfg = Release|Any CPU
		{63123992-1D5D-4CA8-B7B5-7DBD2F4E8E40}.Release|Any CPU.Build.0 = Release|Any CPU
		{BA855ADA-51E7-4315-AA7E-04BC39DD43BC}.Debug|Any CPU.ActiveCfg = Debug|Any CPU
		{BA855ADA-51E7-4315-AA7E-04BC39DD43BC}.Debug|Any CPU.Build.0 = Debug|Any CPU
		{BA855ADA-51E7-4315-AA7E-04BC39DD43BC}.Release|Any CPU.ActiveCfg = Release|Any CPU
		{BA855ADA-51E7-4315-AA7E-04BC39DD43BC}.Release|Any CPU.Build.0 = Release|Any CPU
		{B05849F3-DF41-4F6E-9C31-D3F309E1C7CD}.Debug|Any CPU.ActiveCfg = Debug|Any CPU
		{B05849F3-DF41-4F6E-9C31-D3F309E1C7CD}.Debug|Any CPU.Build.0 = Debug|Any CPU
		{B05849F3-DF41-4F6E-9C31-D3F309E1C7CD}.Release|Any CPU.ActiveCfg = Release|Any CPU
		{B05849F3-DF41-4F6E-9C31-D3F309E1C7CD}.Release|Any CPU.Build.0 = Release|Any CPU
		{E90ECEA0-5EA7-4060-8372-F31EC2D8E2FC}.Debug|Any CPU.ActiveCfg = Debug|Any CPU
		{E90ECEA0-5EA7-4060-8372-F31EC2D8E2FC}.Debug|Any CPU.Build.0 = Debug|Any CPU
		{E90ECEA0-5EA7-4060-8372-F31EC2D8E2FC}.Release|Any CPU.ActiveCfg = Release|Any CPU
		{E90ECEA0-5EA7-4060-8372-F31EC2D8E2FC}.Release|Any CPU.Build.0 = Release|Any CPU
		{24091C8E-60BE-4DEA-A7F3-D515E4E4D2AB}.Debug|Any CPU.ActiveCfg = Debug|Any CPU
		{24091C8E-60BE-4DEA-A7F3-D515E4E4D2AB}.Debug|Any CPU.Build.0 = Debug|Any CPU
		{24091C8E-60BE-4DEA-A7F3-D515E4E4D2AB}.Release|Any CPU.ActiveCfg = Release|Any CPU
		{24091C8E-60BE-4DEA-A7F3-D515E4E4D2AB}.Release|Any CPU.Build.0 = Release|Any CPU
		{F05B6BE1-1C1A-45AA-8D4E-C265A4180CB0}.Debug|Any CPU.ActiveCfg = Debug|Any CPU
		{F05B6BE1-1C1A-45AA-8D4E-C265A4180CB0}.Debug|Any CPU.Build.0 = Debug|Any CPU
		{F05B6BE1-1C1A-45AA-8D4E-C265A4180CB0}.Release|Any CPU.ActiveCfg = Release|Any CPU
		{F05B6BE1-1C1A-45AA-8D4E-C265A4180CB0}.Release|Any CPU.Build.0 = Release|Any CPU
		{765B13BC-E9CA-48D3-A83E-3496A99499DA}.Debug|Any CPU.ActiveCfg = Debug|Any CPU
		{765B13BC-E9CA-48D3-A83E-3496A99499DA}.Debug|Any CPU.Build.0 = Debug|Any CPU
		{765B13BC-E9CA-48D3-A83E-3496A99499DA}.Release|Any CPU.ActiveCfg = Release|Any CPU
		{765B13BC-E9CA-48D3-A83E-3496A99499DA}.Release|Any CPU.Build.0 = Release|Any CPU
		{F5C1FDCC-36A3-4B3F-B718-25AB17E4AE08}.Debug|Any CPU.ActiveCfg = Debug|Any CPU
		{F5C1FDCC-36A3-4B3F-B718-25AB17E4AE08}.Debug|Any CPU.Build.0 = Debug|Any CPU
		{F5C1FDCC-36A3-4B3F-B718-25AB17E4AE08}.Release|Any CPU.ActiveCfg = Release|Any CPU
		{F5C1FDCC-36A3-4B3F-B718-25AB17E4AE08}.Release|Any CPU.Build.0 = Release|Any CPU
		{0C0D8C86-5414-4F06-9D0A-B5E956219EE7}.Debug|Any CPU.ActiveCfg = Debug|Any CPU
		{0C0D8C86-5414-4F06-9D0A-B5E956219EE7}.Debug|Any CPU.Build.0 = Debug|Any CPU
		{0C0D8C86-5414-4F06-9D0A-B5E956219EE7}.Release|Any CPU.ActiveCfg = Release|Any CPU
		{0C0D8C86-5414-4F06-9D0A-B5E956219EE7}.Release|Any CPU.Build.0 = Release|Any CPU
		{278F9A8F-E0CA-4B90-A54E-6F95083804CE}.Debug|Any CPU.ActiveCfg = Debug|Any CPU
		{278F9A8F-E0CA-4B90-A54E-6F95083804CE}.Debug|Any CPU.Build.0 = Debug|Any CPU
		{278F9A8F-E0CA-4B90-A54E-6F95083804CE}.Release|Any CPU.ActiveCfg = Release|Any CPU
		{278F9A8F-E0CA-4B90-A54E-6F95083804CE}.Release|Any CPU.Build.0 = Release|Any CPU
		{BD5F5924-2C02-44F4-9E6A-8B7DCFCE6472}.Debug|Any CPU.ActiveCfg = Debug|Any CPU
		{BD5F5924-2C02-44F4-9E6A-8B7DCFCE6472}.Debug|Any CPU.Build.0 = Debug|Any CPU
		{BD5F5924-2C02-44F4-9E6A-8B7DCFCE6472}.Release|Any CPU.ActiveCfg = Release|Any CPU
		{BD5F5924-2C02-44F4-9E6A-8B7DCFCE6472}.Release|Any CPU.Build.0 = Release|Any CPU
		{E85E1488-F851-4308-8ADA-D36C3C9D673D}.Debug|Any CPU.ActiveCfg = Debug|Any CPU
		{E85E1488-F851-4308-8ADA-D36C3C9D673D}.Debug|Any CPU.Build.0 = Debug|Any CPU
		{E85E1488-F851-4308-8ADA-D36C3C9D673D}.Release|Any CPU.ActiveCfg = Release|Any CPU
		{E85E1488-F851-4308-8ADA-D36C3C9D673D}.Release|Any CPU.Build.0 = Release|Any CPU
		{2B62B9BB-4F4A-49E2-806F-A18C4EE67995}.Debug|Any CPU.ActiveCfg = Debug|Any CPU
		{2B62B9BB-4F4A-49E2-806F-A18C4EE67995}.Debug|Any CPU.Build.0 = Debug|Any CPU
		{2B62B9BB-4F4A-49E2-806F-A18C4EE67995}.Release|Any CPU.ActiveCfg = Release|Any CPU
		{2B62B9BB-4F4A-49E2-806F-A18C4EE67995}.Release|Any CPU.Build.0 = Release|Any CPU
	EndGlobalSection
	GlobalSection(SolutionProperties) = preSolution
		HideSolutionNode = FALSE
	EndGlobalSection
	GlobalSection(NestedProjects) = preSolution
		{7C7BA6B4-9C6B-4E4A-BE5E-875897B0E821} = {AEF2361A-6907-469B-8727-821C6D231785}
		{26B752B7-4DFF-4AE3-A95C-E123D794670E} = {8080A42A-9D5A-4716-8AE1-4F6647EAF735}
		{64EF7C7B-4156-4E13-85DB-0C20E487BF04} = {B3945D69-3B3D-48BA-AB34-A9FCE1998703}
		{182E944E-5EB1-4722-BC96-BA3191D40456} = {0F83A37A-1C12-4A4E-A6D7-5F8434613450}
		{42D66E81-043B-4549-BDFB-ACA255C26432} = {8080A42A-9D5A-4716-8AE1-4F6647EAF735}
		{0234C11D-6B0C-4CFB-90A9-C00D9041EC8F} = {26B752B7-4DFF-4AE3-A95C-E123D794670E}
		{8FFBDC60-C01E-4A91-BC62-349CF5E2ABC4} = {26B752B7-4DFF-4AE3-A95C-E123D794670E}
		{D5ABC194-546B-4790-9358-1B78AFC6E127} = {42D66E81-043B-4549-BDFB-ACA255C26432}
		{8403AD84-77F9-4F97-9B30-758DAE73503A} = {0E83FE78-0F07-4EBD-ADAB-54FC51C8D168}
		{31918928-0F00-4290-8EB1-B0099E0D0048} = {42D66E81-043B-4549-BDFB-ACA255C26432}
		{D94A52FC-F429-4A55-BB34-D50EF966F6EB} = {1BB944C9-68E3-4F02-BDC0-5A4C7571308D}
		{8080A42A-9D5A-4716-8AE1-4F6647EAF735} = {9BD97A2C-C82E-4BBB-8BF5-E82C5821EDD7}
		{3A458386-1C95-4B04-AB49-5063F7BDFC19} = {BD0C008F-753D-4328-8201-CE48C302E9F6}
		{AEF2361A-6907-469B-8727-821C6D231785} = {3A458386-1C95-4B04-AB49-5063F7BDFC19}
		{0E83FE78-0F07-4EBD-ADAB-54FC51C8D168} = {3A458386-1C95-4B04-AB49-5063F7BDFC19}
		{91599D89-9845-4EA4-80AC-A91027C8F2AA} = {BD0C008F-753D-4328-8201-CE48C302E9F6}
		{9AD4596F-8B97-4D7E-8C25-47A12F438192} = {91599D89-9845-4EA4-80AC-A91027C8F2AA}
		{63123992-1D5D-4CA8-B7B5-7DBD2F4E8E40} = {9AD4596F-8B97-4D7E-8C25-47A12F438192}
		{1CB433CB-091C-4D3A-8245-DEDCF54B1270} = {9BD97A2C-C82E-4BBB-8BF5-E82C5821EDD7}
		{A595C5E1-EE67-4836-A772-8150E53B285A} = {1CB433CB-091C-4D3A-8245-DEDCF54B1270}
		{8B494A16-0B6D-4679-B773-98C48A44156C} = {8080A42A-9D5A-4716-8AE1-4F6647EAF735}
		{BA855ADA-51E7-4315-AA7E-04BC39DD43BC} = {8B494A16-0B6D-4679-B773-98C48A44156C}
		{D41B44A8-7E20-4BE6-B582-2AC83534A8A6} = {3A458386-1C95-4B04-AB49-5063F7BDFC19}
		{B05849F3-DF41-4F6E-9C31-D3F309E1C7CD} = {D41B44A8-7E20-4BE6-B582-2AC83534A8A6}
		{E90ECEA0-5EA7-4060-8372-F31EC2D8E2FC} = {8B494A16-0B6D-4679-B773-98C48A44156C}
		{24091C8E-60BE-4DEA-A7F3-D515E4E4D2AB} = {A595C5E1-EE67-4836-A772-8150E53B285A}
		{F05B6BE1-1C1A-45AA-8D4E-C265A4180CB0} = {A595C5E1-EE67-4836-A772-8150E53B285A}
		{765B13BC-E9CA-48D3-A83E-3496A99499DA} = {0F83A37A-1C12-4A4E-A6D7-5F8434613450}
		{9F5B542E-9058-4825-B053-31B6C8638FA6} = {BD0C008F-753D-4328-8201-CE48C302E9F6}
		{9637AAD4-6B14-4F11-B4A3-B356033A5974} = {9F5B542E-9058-4825-B053-31B6C8638FA6}
		{F5C1FDCC-36A3-4B3F-B718-25AB17E4AE08} = {9637AAD4-6B14-4F11-B4A3-B356033A5974}
		{79AF2F48-2AA3-42C8-914B-F1F49621408E} = {9BD97A2C-C82E-4BBB-8BF5-E82C5821EDD7}
		{70683C91-46C4-453F-ACB5-60B7958CC78A} = {79AF2F48-2AA3-42C8-914B-F1F49621408E}
		{0C0D8C86-5414-4F06-9D0A-B5E956219EE7} = {70683C91-46C4-453F-ACB5-60B7958CC78A}
		{278F9A8F-E0CA-4B90-A54E-6F95083804CE} = {70683C91-46C4-453F-ACB5-60B7958CC78A}
		{8D907BD6-F35E-4E10-96C3-1ACAB31C6CA8} = {9BD97A2C-C82E-4BBB-8BF5-E82C5821EDD7}
		{8D62248C-1B26-4304-9168-7C05ABE5C60D} = {8D907BD6-F35E-4E10-96C3-1ACAB31C6CA8}
		{6ABA1998-89CA-48DF-8163-5D1CD76E2901} = {BD0C008F-753D-4328-8201-CE48C302E9F6}
		{2270AB25-30CE-4D7A-9BAA-F642D8A0F023} = {6ABA1998-89CA-48DF-8163-5D1CD76E2901}
		{BD5F5924-2C02-44F4-9E6A-8B7DCFCE6472} = {2270AB25-30CE-4D7A-9BAA-F642D8A0F023}
		{E85E1488-F851-4308-8ADA-D36C3C9D673D} = {8D62248C-1B26-4304-9168-7C05ABE5C60D}
		{2B62B9BB-4F4A-49E2-806F-A18C4EE67995} = {8D62248C-1B26-4304-9168-7C05ABE5C60D}
	EndGlobalSection
	GlobalSection(ExtensibilityGlobals) = postSolution
		SolutionGuid = {E7B78B5E-8DE2-4C73-8F18-FA540EDE69D7}
	EndGlobalSection
EndGlobal
