
Microsoft Visual Studio Solution File, Format Version 12.00
# Visual Studio Version 17
VisualStudioVersion = 17.5.33627.172
MinimumVisualStudioVersion = 10.0.40219.1
Project("{2150E333-8FDC-42A3-9474-1A3956D46DE8}") = "BACK", "BACK", "{9A88ACE1-E08A-4650-93AD-A84642F274BB}"
EndProject
Project("{2150E333-8FDC-42A3-9474-1A3956D46DE8}") = "SPR", "SPR", "{FEBCC389-15E9-45D8-894D-D105A725441A}"
EndProject
Project("{2150E333-8FDC-42A3-9474-1A3956D46DE8}") = "COMMON", "COMMON", "{FA3B4DBA-EFD5-431A-B5F8-074975E4D91B}"
EndProject
Project("{2150E333-8FDC-42A3-9474-1A3956D46DE8}") = "SERVICE", "SERVICE", "{3F304EDC-E2D8-4A01-B168-01114FDF0335}"
EndProject
Project("{2150E333-8FDC-42A3-9474-1A3956D46DE8}") = "API", "API", "{C3EAE219-7C8B-4C0B-B9AA-C36E59A59874}"
EndProject
Project("{9A19103F-16F7-4668-BE54-9A1E7A4F7556}") = "BIMASAKTI_GS_API", "API\GS\BIMASAKTI_GS_API\BIMASAKTI_GS_API.csproj", "{B39B82B8-79EA-4E46-A0E6-773A908ED7E1}"
EndProject
Project("{9A19103F-16F7-4668-BE54-9A1E7A4F7556}") = "GSM01000Back", "BACK\GS\GSM001000Back\GSM01000Back.csproj", "{253E00EE-3FFF-46AD-BEBB-419E92A8F128}"
EndProject
Project("{9A19103F-16F7-4668-BE54-9A1E7A4F7556}") = "GSM01000BackResources", "BACK\GS\GSM001000BackResources\GSM01000BackResources.csproj", "{5B79924E-A517-45CD-B6ED-E30A3F4CB7D1}"
EndProject
Project("{9A19103F-16F7-4668-BE54-9A1E7A4F7556}") = "GSM01000Common", "COMMON\GS\GSM01000Common\GSM01000Common.csproj", "{CCECF163-BD37-487C-AC46-E9614AE5CD06}"
EndProject
Project("{2150E333-8FDC-42A3-9474-1A3956D46DE8}") = "PublicLookup", "PublicLookup", "{62320131-9A38-4B12-A1E6-A353B2769DC4}"
EndProject
Project("{9A19103F-16F7-4668-BE54-9A1E7A4F7556}") = "Lookup_GSCOMMON", "..\..\BS Shared Form\SOURCE\BACK\Lookup_GSCOMMON\Lookup_GSCOMMON.csproj", "{2F6A2726-9BC1-4ACD-BE1D-89CD271293F2}"
EndProject
Project("{2150E333-8FDC-42A3-9474-1A3956D46DE8}") = "PublicLookupBack", "PublicLookupBack", "{47BBA369-47AB-437F-8A63-422D915A6EE2}"
EndProject
Project("{9A19103F-16F7-4668-BE54-9A1E7A4F7556}") = "Lookup_GSBACK", "..\..\BS Shared Form\SOURCE\BACK\Lookup_GSBACK\Lookup_GSBACK.csproj", "{5F47919D-E036-4D42-B6E3-C64E367E298C}"
EndProject
Project("{2150E333-8FDC-42A3-9474-1A3956D46DE8}") = "PublicLookupService", "PublicLookupService", "{32A2EC43-0245-4B9C-971B-979D9CDDEE5E}"
EndProject
Project("{9A19103F-16F7-4668-BE54-9A1E7A4F7556}") = "Lookup_GSSERVICES", "..\..\BS Shared Form\SOURCE\SERVICES\Lookup_GSSERVICES\Lookup_GSSERVICES.csproj", "{C5D516AA-81B8-418A-A581-7C87C6466F43}"
EndProject
Project("{2150E333-8FDC-42A3-9474-1A3956D46DE8}") = "GFF00900", "GFF00900", "{4701C2A6-8330-4373-9E82-FC991FC07A99}"
EndProject
Project("{9A19103F-16F7-4668-BE54-9A1E7A4F7556}") = "GFF00900COMMON", "..\..\BS Shared Form\SOURCE\BACK\GFF00900COMMON\GFF00900COMMON.csproj", "{E3867D7E-7166-43D3-AC6A-2C238AC1C352}"
EndProject
Project("{2150E333-8FDC-42A3-9474-1A3956D46DE8}") = "GFF00900", "GFF00900", "{7630DBAC-B886-4343-87AD-205169E2CAFA}"
EndProject
Project("{9A19103F-16F7-4668-BE54-9A1E7A4F7556}") = "GFF00900BACK", "..\..\BS Shared Form\SOURCE\BACK\GFF00900BACK\GFF00900BACK.csproj", "{F416CF6A-3C2F-4C70-8436-8E83DD686CB5}"
EndProject
Project("{2150E333-8FDC-42A3-9474-1A3956D46DE8}") = "GFF00900", "GFF00900", "{AE2DEBEA-0E65-4A59-BC42-8BAC674BA19F}"
EndProject
Project("{9A19103F-16F7-4668-BE54-9A1E7A4F7556}") = "GFF00900SERVICES", "..\..\BS Shared Form\SOURCE\SERVICES\GFF00900SERVICES\GFF00900SERVICES.csproj", "{5C5D125D-580B-44E7-B60A-886208A94758}"
EndProject
Project("{9A19103F-16F7-4668-BE54-9A1E7A4F7556}") = "RSP_GS_VALIDATE_USER_ACT_APPRResources", "BACK\GS\GS_SPR\RSP_GS_VALIDATE_USER_ACT_APPRResources\RSP_GS_VALIDATE_USER_ACT_APPRResources.csproj", "{09254F93-68D6-4652-B500-76035A472251}"
EndProject
Project("{9A19103F-16F7-4668-BE54-9A1E7A4F7556}") = "GSM07500Back", "BACK\GS\GSM07500Back\GSM07500Back.csproj", "{ECC4D46A-FB8C-4623-8CFD-C9C47E5CB8FB}"
EndProject
Project("{9A19103F-16F7-4668-BE54-9A1E7A4F7556}") = "GSM07500Common", "COMMON\GS\GSM07500Common\GSM07500Common.csproj", "{5B5AB21A-7EED-489B-9FE0-7BBB0F0DA9A8}"
EndProject
Project("{9A19103F-16F7-4668-BE54-9A1E7A4F7556}") = "GSM07500Service", "SERVICE\GS\GSM07500Service\GSM07500Service.csproj", "{24AFA821-EAFF-4B36-928B-04E74671E63B}"
EndProject
Project("{9A19103F-16F7-4668-BE54-9A1E7A4F7556}") = "GSM01000Service", "SERVICE\GS\GSM01000Service\GSM01000Service.csproj", "{03B38ACA-9EC4-4FE9-B2E6-CC915A1EC943}"
EndProject
Project("{9A19103F-16F7-4668-BE54-9A1E7A4F7556}") = "BIMASAKTI_LM_API", "API\LM\BIMASAKTI_LM_API\BIMASAKTI_LM_API.csproj", "{2AA6FE9E-A93D-410D-8EB4-5F4050078C8E}"
EndProject
Project("{2150E333-8FDC-42A3-9474-1A3956D46DE8}") = "GS", "GS", "{A323276B-5174-46C0-8673-1A7A52EFDE9B}"
EndProject
Project("{2150E333-8FDC-42A3-9474-1A3956D46DE8}") = "GSM01000", "GSM01000", "{22E9A3C5-552C-4670-9C96-2FC5FD0D593F}"
EndProject
Project("{2150E333-8FDC-42A3-9474-1A3956D46DE8}") = "GSM07500", "GSM07500", "{535187A3-F82B-48F3-8FAB-A8457DFE0C8C}"
EndProject
Project("{2150E333-8FDC-42A3-9474-1A3956D46DE8}") = "GF", "GF", "{E30BBE23-6EFC-4EC2-B1D0-8C3A3FFA5DE0}"
EndProject
Project("{2150E333-8FDC-42A3-9474-1A3956D46DE8}") = "LM", "LM", "{7C9A20B5-7ABC-475A-9E08-9720D939700F}"
EndProject
Project("{2150E333-8FDC-42A3-9474-1A3956D46DE8}") = "LMM05000", "LMM05000", "{2D3E6BE8-F2EB-4C8E-988E-E1F76175A2F2}"
EndProject
Project("{9A19103F-16F7-4668-BE54-9A1E7A4F7556}") = "LMM05000Common", "COMMON\LMM05000Common\LMM05000Common.csproj", "{75320EFD-E420-48ED-8B49-5C8F216A2DC8}"
EndProject
Project("{2150E333-8FDC-42A3-9474-1A3956D46DE8}") = "GF", "GF", "{9980D413-7C9E-454C-B1DF-4F976FA53AE3}"
EndProject
Project("{2150E333-8FDC-42A3-9474-1A3956D46DE8}") = "GS", "GS", "{36C551B0-6A94-4BED-B67E-021CD9DAD0C8}"
EndProject
Project("{2150E333-8FDC-42A3-9474-1A3956D46DE8}") = "GSM01000", "GSM01000", "{3ACAB3E7-4A8E-42FC-BED1-2E37099E8F4F}"
EndProject
Project("{2150E333-8FDC-42A3-9474-1A3956D46DE8}") = "GSM07500", "GSM07500", "{56CB359F-5681-4C55-8DC5-91A2CA495F23}"
EndProject
Project("{2150E333-8FDC-42A3-9474-1A3956D46DE8}") = "LM", "LM", "{7C43868B-7C9A-43E8-9D7B-7A38098B0540}"
EndProject
Project("{9A19103F-16F7-4668-BE54-9A1E7A4F7556}") = "LMM05000Back", "BACK\LMM05000Back\LMM05000Back.csproj", "{EF8ED9E3-74FA-4778-A0E7-CCDEED646F8E}"
EndProject
Project("{2150E333-8FDC-42A3-9474-1A3956D46DE8}") = "GF", "GF", "{FB4A19CB-A6D7-493C-86C0-5CE614359733}"
EndProject
Project("{2150E333-8FDC-42A3-9474-1A3956D46DE8}") = "GS", "GS", "{BF1340FF-1CC6-40BE-B8E0-E3B69E19907C}"
EndProject
Project("{2150E333-8FDC-42A3-9474-1A3956D46DE8}") = "LMM05000", "LMM05000", "{903759CB-0E56-490D-84C7-EB6C5518522E}"
EndProject
Project("{2150E333-8FDC-42A3-9474-1A3956D46DE8}") = "GSM01000", "GSM01000", "{3EF4A781-D0CC-477A-A85B-8B4D933151FF}"
EndProject
Project("{2150E333-8FDC-42A3-9474-1A3956D46DE8}") = "GSM07500", "GSM07500", "{0BC4958E-F0F2-475B-8939-E35855F7408B}"
EndProject
Project("{2150E333-8FDC-42A3-9474-1A3956D46DE8}") = "LM", "LM", "{ED0271DB-17AF-4D8A-96E5-ACE64E1FC8D8}"
EndProject
Project("{2150E333-8FDC-42A3-9474-1A3956D46DE8}") = "LMM05000", "LMM05000", "{F5900435-689F-44DB-92B8-FBC216660EEE}"
EndProject
Project("{9A19103F-16F7-4668-BE54-9A1E7A4F7556}") = "LMM05000Service", "SERVICE\LMM05000Service\LMM05000Service.csproj", "{CBC870A5-A525-4CBE-B099-C94F6E80F0BD}"
EndProject
Project("{9A19103F-16F7-4668-BE54-9A1E7A4F7556}") = "RSP_LM_ACTIVE_INACTIVE_UNIT_PRICEResources", "BACK\LM_SPR\RSP_LM_ACTIVE_INACTIVE_UNIT_PRICEResources\RSP_LM_ACTIVE_INACTIVE_UNIT_PRICEResources.csproj", "{98B80A59-E680-444E-938D-6349358DCF69}"
EndProject
Project("{9A19103F-16F7-4668-BE54-9A1E7A4F7556}") = "RSP_LM_MAINTAIN_UNIT_TYPE_PRICEResources", "BACK\LM_SPR\RSP_LM_MAINTAIN_UNIT_TYPE_PRICEResources\RSP_LM_MAINTAIN_UNIT_TYPE_PRICEResources.csproj", "{E87C6108-C438-4D89-BFCF-D9EDEA512E69}"
EndProject
Project("{2150E333-8FDC-42A3-9474-1A3956D46DE8}") = "GSM08500", "GSM08500", "{B21F2F02-BB2F-4DE0-8752-CE5084FAB009}"
EndProject
Project("{2150E333-8FDC-42A3-9474-1A3956D46DE8}") = "GSM08500", "GSM08500", "{90E4C876-AB09-45FF-8EF3-2263322CBC8A}"
EndProject
Project("{2150E333-8FDC-42A3-9474-1A3956D46DE8}") = "GSM08500", "GSM08500", "{3E415C24-33C8-4A68-A679-8FD51C130980}"
EndProject
Project("{9A19103F-16F7-4668-BE54-9A1E7A4F7556}") = "GSM08500Common", "COMMON\GS\GSM08500Common\GSM08500Common.csproj", "{A13523CB-23EA-40B6-B5D4-02739E720180}"
EndProject
Project("{9A19103F-16F7-4668-BE54-9A1E7A4F7556}") = "GSM08500Back", "BACK\GS\GSM08500Back\GSM08500Back.csproj", "{D8F7F9F6-C4A3-4328-ABF2-5E4F77CC21C1}"
EndProject
Project("{9A19103F-16F7-4668-BE54-9A1E7A4F7556}") = "GSM08500Service", "SERVICE\GS\GSM08500Service\GSM08500Service.csproj", "{3DB36524-3071-4E46-867B-59A7FC5E6454}"
EndProject
Project("{9A19103F-16F7-4668-BE54-9A1E7A4F7556}") = "BIMASAKTI_GL_API", "API\GL\BIMASAKTI_GL_API\BIMASAKTI_GL_API.csproj", "{13230BD8-5170-4641-9D2B-BDED5C68587E}"
EndProject
Project("{2150E333-8FDC-42A3-9474-1A3956D46DE8}") = "GL", "GL", "{6A0E1D75-3733-4F30-AFE0-C4EEEBD3CDCF}"
EndProject
Project("{2150E333-8FDC-42A3-9474-1A3956D46DE8}") = "GLT00600", "GLT00600", "{F589387F-25E8-405E-BC06-04A5F6A67BCB}"
EndProject
Project("{9A19103F-16F7-4668-BE54-9A1E7A4F7556}") = "GLT00600Common", "COMMON\GLT00600Common\GLT00600Common.csproj", "{9B5E6E4A-651E-4D7C-9C1C-A8F14464A81C}"
EndProject
Project("{2150E333-8FDC-42A3-9474-1A3956D46DE8}") = "GL", "GL", "{6C1CA376-4C5E-4B7D-BA58-7CF50AFFEE66}"
EndProject
Project("{2150E333-8FDC-42A3-9474-1A3956D46DE8}") = "GLT00600", "GLT00600", "{C2BB536F-744D-47BF-AF44-810A8228785D}"
EndProject
Project("{9A19103F-16F7-4668-BE54-9A1E7A4F7556}") = "GLT00600Back", "BACK\GLT00600Back\GLT00600Back.csproj", "{0D10A526-E2DB-48EF-8B98-08F949FEB9BD}"
EndProject
Project("{2150E333-8FDC-42A3-9474-1A3956D46DE8}") = "GL", "GL", "{E32EF373-E8E9-44AE-87C8-1D9E4CE88BE7}"
EndProject
Project("{2150E333-8FDC-42A3-9474-1A3956D46DE8}") = "GLT00600", "GLT00600", "{947E084C-21F0-4EAA-B0EF-4B79D409552A}"
EndProject
Project("{9A19103F-16F7-4668-BE54-9A1E7A4F7556}") = "GLT00600Service", "SERVICE\GLT00600Service\GLT00600Service.csproj", "{CEACFDF1-AA83-4224-933A-F3A6F84453E5}"
EndProject
Project("{9A19103F-16F7-4668-BE54-9A1E7A4F7556}") = "BaseHeaderReportCOMMON", "COMMON\BaseHeader\BaseHeaderReportCOMMON.csproj", "{8B5375D6-2465-4A52-B2FB-1D8580DE07FE}"
EndProject
Project("{2150E333-8FDC-42A3-9474-1A3956D46DE8}") = "DESIGN", "DESIGN", "{9C293417-E9D1-4E1D-8C57-F595452A6042}"
EndProject
Project("{9A19103F-16F7-4668-BE54-9A1E7A4F7556}") = "DesignFormGS", "DESIGN\DesignFormGS\DesignFormGS.csproj", "{629306B7-2490-4253-A556-9100F538BC2A}"
EndProject
Project("{9A19103F-16F7-4668-BE54-9A1E7A4F7556}") = "RSP_ACTIVITY_VALIDITYResources", "BACK\GS\GS_SPR\RSP_ACTIVITY_VALIDITYResources\RSP_ACTIVITY_VALIDITYResources.csproj", "{FC6BF794-9A18-4D07-98A0-3918CB505FDD}"
EndProject
Global
	GlobalSection(SolutionConfigurationPlatforms) = preSolution
		Debug|Any CPU = Debug|Any CPU
		Release|Any CPU = Release|Any CPU
	EndGlobalSection
	GlobalSection(ProjectConfigurationPlatforms) = postSolution
		{B39B82B8-79EA-4E46-A0E6-773A908ED7E1}.Debug|Any CPU.ActiveCfg = Debug|Any CPU
		{B39B82B8-79EA-4E46-A0E6-773A908ED7E1}.Debug|Any CPU.Build.0 = Debug|Any CPU
		{B39B82B8-79EA-4E46-A0E6-773A908ED7E1}.Release|Any CPU.ActiveCfg = Release|Any CPU
		{B39B82B8-79EA-4E46-A0E6-773A908ED7E1}.Release|Any CPU.Build.0 = Release|Any CPU
		{253E00EE-3FFF-46AD-BEBB-419E92A8F128}.Debug|Any CPU.ActiveCfg = Debug|Any CPU
		{253E00EE-3FFF-46AD-BEBB-419E92A8F128}.Debug|Any CPU.Build.0 = Debug|Any CPU
		{253E00EE-3FFF-46AD-BEBB-419E92A8F128}.Release|Any CPU.ActiveCfg = Release|Any CPU
		{253E00EE-3FFF-46AD-BEBB-419E92A8F128}.Release|Any CPU.Build.0 = Release|Any CPU
		{5B79924E-A517-45CD-B6ED-E30A3F4CB7D1}.Debug|Any CPU.ActiveCfg = Debug|Any CPU
		{5B79924E-A517-45CD-B6ED-E30A3F4CB7D1}.Debug|Any CPU.Build.0 = Debug|Any CPU
		{5B79924E-A517-45CD-B6ED-E30A3F4CB7D1}.Release|Any CPU.ActiveCfg = Release|Any CPU
		{5B79924E-A517-45CD-B6ED-E30A3F4CB7D1}.Release|Any CPU.Build.0 = Release|Any CPU
		{CCECF163-BD37-487C-AC46-E9614AE5CD06}.Debug|Any CPU.ActiveCfg = Debug|Any CPU
		{CCECF163-BD37-487C-AC46-E9614AE5CD06}.Debug|Any CPU.Build.0 = Debug|Any CPU
		{CCECF163-BD37-487C-AC46-E9614AE5CD06}.Release|Any CPU.ActiveCfg = Release|Any CPU
		{CCECF163-BD37-487C-AC46-E9614AE5CD06}.Release|Any CPU.Build.0 = Release|Any CPU
		{2F6A2726-9BC1-4ACD-BE1D-89CD271293F2}.Debug|Any CPU.ActiveCfg = Debug|Any CPU
		{2F6A2726-9BC1-4ACD-BE1D-89CD271293F2}.Debug|Any CPU.Build.0 = Debug|Any CPU
		{2F6A2726-9BC1-4ACD-BE1D-89CD271293F2}.Release|Any CPU.ActiveCfg = Release|Any CPU
		{2F6A2726-9BC1-4ACD-BE1D-89CD271293F2}.Release|Any CPU.Build.0 = Release|Any CPU
		{5F47919D-E036-4D42-B6E3-C64E367E298C}.Debug|Any CPU.ActiveCfg = Debug|Any CPU
		{5F47919D-E036-4D42-B6E3-C64E367E298C}.Debug|Any CPU.Build.0 = Debug|Any CPU
		{5F47919D-E036-4D42-B6E3-C64E367E298C}.Release|Any CPU.ActiveCfg = Release|Any CPU
		{5F47919D-E036-4D42-B6E3-C64E367E298C}.Release|Any CPU.Build.0 = Release|Any CPU
		{C5D516AA-81B8-418A-A581-7C87C6466F43}.Debug|Any CPU.ActiveCfg = Debug|Any CPU
		{C5D516AA-81B8-418A-A581-7C87C6466F43}.Debug|Any CPU.Build.0 = Debug|Any CPU
		{C5D516AA-81B8-418A-A581-7C87C6466F43}.Release|Any CPU.ActiveCfg = Release|Any CPU
		{C5D516AA-81B8-418A-A581-7C87C6466F43}.Release|Any CPU.Build.0 = Release|Any CPU
		{E3867D7E-7166-43D3-AC6A-2C238AC1C352}.Debug|Any CPU.ActiveCfg = Debug|Any CPU
		{E3867D7E-7166-43D3-AC6A-2C238AC1C352}.Debug|Any CPU.Build.0 = Debug|Any CPU
		{E3867D7E-7166-43D3-AC6A-2C238AC1C352}.Release|Any CPU.ActiveCfg = Release|Any CPU
		{E3867D7E-7166-43D3-AC6A-2C238AC1C352}.Release|Any CPU.Build.0 = Release|Any CPU
		{F416CF6A-3C2F-4C70-8436-8E83DD686CB5}.Debug|Any CPU.ActiveCfg = Debug|Any CPU
		{F416CF6A-3C2F-4C70-8436-8E83DD686CB5}.Debug|Any CPU.Build.0 = Debug|Any CPU
		{F416CF6A-3C2F-4C70-8436-8E83DD686CB5}.Release|Any CPU.ActiveCfg = Release|Any CPU
		{F416CF6A-3C2F-4C70-8436-8E83DD686CB5}.Release|Any CPU.Build.0 = Release|Any CPU
		{5C5D125D-580B-44E7-B60A-886208A94758}.Debug|Any CPU.ActiveCfg = Debug|Any CPU
		{5C5D125D-580B-44E7-B60A-886208A94758}.Debug|Any CPU.Build.0 = Debug|Any CPU
		{5C5D125D-580B-44E7-B60A-886208A94758}.Release|Any CPU.ActiveCfg = Release|Any CPU
		{5C5D125D-580B-44E7-B60A-886208A94758}.Release|Any CPU.Build.0 = Release|Any CPU
		{09254F93-68D6-4652-B500-76035A472251}.Debug|Any CPU.ActiveCfg = Debug|Any CPU
		{09254F93-68D6-4652-B500-76035A472251}.Debug|Any CPU.Build.0 = Debug|Any CPU
		{09254F93-68D6-4652-B500-76035A472251}.Release|Any CPU.ActiveCfg = Release|Any CPU
		{09254F93-68D6-4652-B500-76035A472251}.Release|Any CPU.Build.0 = Release|Any CPU
		{ECC4D46A-FB8C-4623-8CFD-C9C47E5CB8FB}.Debug|Any CPU.ActiveCfg = Debug|Any CPU
		{ECC4D46A-FB8C-4623-8CFD-C9C47E5CB8FB}.Debug|Any CPU.Build.0 = Debug|Any CPU
		{ECC4D46A-FB8C-4623-8CFD-C9C47E5CB8FB}.Release|Any CPU.ActiveCfg = Release|Any CPU
		{ECC4D46A-FB8C-4623-8CFD-C9C47E5CB8FB}.Release|Any CPU.Build.0 = Release|Any CPU
		{5B5AB21A-7EED-489B-9FE0-7BBB0F0DA9A8}.Debug|Any CPU.ActiveCfg = Debug|Any CPU
		{5B5AB21A-7EED-489B-9FE0-7BBB0F0DA9A8}.Debug|Any CPU.Build.0 = Debug|Any CPU
		{5B5AB21A-7EED-489B-9FE0-7BBB0F0DA9A8}.Release|Any CPU.ActiveCfg = Release|Any CPU
		{5B5AB21A-7EED-489B-9FE0-7BBB0F0DA9A8}.Release|Any CPU.Build.0 = Release|Any CPU
		{24AFA821-EAFF-4B36-928B-04E74671E63B}.Debug|Any CPU.ActiveCfg = Debug|Any CPU
		{24AFA821-EAFF-4B36-928B-04E74671E63B}.Debug|Any CPU.Build.0 = Debug|Any CPU
		{24AFA821-EAFF-4B36-928B-04E74671E63B}.Release|Any CPU.ActiveCfg = Release|Any CPU
		{24AFA821-EAFF-4B36-928B-04E74671E63B}.Release|Any CPU.Build.0 = Release|Any CPU
		{03B38ACA-9EC4-4FE9-B2E6-CC915A1EC943}.Debug|Any CPU.ActiveCfg = Debug|Any CPU
		{03B38ACA-9EC4-4FE9-B2E6-CC915A1EC943}.Debug|Any CPU.Build.0 = Debug|Any CPU
		{03B38ACA-9EC4-4FE9-B2E6-CC915A1EC943}.Release|Any CPU.ActiveCfg = Release|Any CPU
		{03B38ACA-9EC4-4FE9-B2E6-CC915A1EC943}.Release|Any CPU.Build.0 = Release|Any CPU
		{2AA6FE9E-A93D-410D-8EB4-5F4050078C8E}.Debug|Any CPU.ActiveCfg = Debug|Any CPU
		{2AA6FE9E-A93D-410D-8EB4-5F4050078C8E}.Debug|Any CPU.Build.0 = Debug|Any CPU
		{2AA6FE9E-A93D-410D-8EB4-5F4050078C8E}.Release|Any CPU.ActiveCfg = Release|Any CPU
		{2AA6FE9E-A93D-410D-8EB4-5F4050078C8E}.Release|Any CPU.Build.0 = Release|Any CPU
		{75320EFD-E420-48ED-8B49-5C8F216A2DC8}.Debug|Any CPU.ActiveCfg = Debug|Any CPU
		{75320EFD-E420-48ED-8B49-5C8F216A2DC8}.Debug|Any CPU.Build.0 = Debug|Any CPU
		{75320EFD-E420-48ED-8B49-5C8F216A2DC8}.Release|Any CPU.ActiveCfg = Release|Any CPU
		{75320EFD-E420-48ED-8B49-5C8F216A2DC8}.Release|Any CPU.Build.0 = Release|Any CPU
		{EF8ED9E3-74FA-4778-A0E7-CCDEED646F8E}.Debug|Any CPU.ActiveCfg = Debug|Any CPU
		{EF8ED9E3-74FA-4778-A0E7-CCDEED646F8E}.Debug|Any CPU.Build.0 = Debug|Any CPU
		{EF8ED9E3-74FA-4778-A0E7-CCDEED646F8E}.Release|Any CPU.ActiveCfg = Release|Any CPU
		{EF8ED9E3-74FA-4778-A0E7-CCDEED646F8E}.Release|Any CPU.Build.0 = Release|Any CPU
		{CBC870A5-A525-4CBE-B099-C94F6E80F0BD}.Debug|Any CPU.ActiveCfg = Debug|Any CPU
		{CBC870A5-A525-4CBE-B099-C94F6E80F0BD}.Debug|Any CPU.Build.0 = Debug|Any CPU
		{CBC870A5-A525-4CBE-B099-C94F6E80F0BD}.Release|Any CPU.ActiveCfg = Release|Any CPU
		{CBC870A5-A525-4CBE-B099-C94F6E80F0BD}.Release|Any CPU.Build.0 = Release|Any CPU
		{98B80A59-E680-444E-938D-6349358DCF69}.Debug|Any CPU.ActiveCfg = Debug|Any CPU
		{98B80A59-E680-444E-938D-6349358DCF69}.Debug|Any CPU.Build.0 = Debug|Any CPU
		{98B80A59-E680-444E-938D-6349358DCF69}.Release|Any CPU.ActiveCfg = Release|Any CPU
		{98B80A59-E680-444E-938D-6349358DCF69}.Release|Any CPU.Build.0 = Release|Any CPU
		{E87C6108-C438-4D89-BFCF-D9EDEA512E69}.Debug|Any CPU.ActiveCfg = Debug|Any CPU
		{E87C6108-C438-4D89-BFCF-D9EDEA512E69}.Debug|Any CPU.Build.0 = Debug|Any CPU
		{E87C6108-C438-4D89-BFCF-D9EDEA512E69}.Release|Any CPU.ActiveCfg = Release|Any CPU
		{E87C6108-C438-4D89-BFCF-D9EDEA512E69}.Release|Any CPU.Build.0 = Release|Any CPU
		{A13523CB-23EA-40B6-B5D4-02739E720180}.Debug|Any CPU.ActiveCfg = Debug|Any CPU
		{A13523CB-23EA-40B6-B5D4-02739E720180}.Debug|Any CPU.Build.0 = Debug|Any CPU
		{A13523CB-23EA-40B6-B5D4-02739E720180}.Release|Any CPU.ActiveCfg = Release|Any CPU
		{A13523CB-23EA-40B6-B5D4-02739E720180}.Release|Any CPU.Build.0 = Release|Any CPU
		{D8F7F9F6-C4A3-4328-ABF2-5E4F77CC21C1}.Debug|Any CPU.ActiveCfg = Debug|Any CPU
		{D8F7F9F6-C4A3-4328-ABF2-5E4F77CC21C1}.Debug|Any CPU.Build.0 = Debug|Any CPU
		{D8F7F9F6-C4A3-4328-ABF2-5E4F77CC21C1}.Release|Any CPU.ActiveCfg = Release|Any CPU
		{D8F7F9F6-C4A3-4328-ABF2-5E4F77CC21C1}.Release|Any CPU.Build.0 = Release|Any CPU
		{3DB36524-3071-4E46-867B-59A7FC5E6454}.Debug|Any CPU.ActiveCfg = Debug|Any CPU
		{3DB36524-3071-4E46-867B-59A7FC5E6454}.Debug|Any CPU.Build.0 = Debug|Any CPU
		{3DB36524-3071-4E46-867B-59A7FC5E6454}.Release|Any CPU.ActiveCfg = Release|Any CPU
		{3DB36524-3071-4E46-867B-59A7FC5E6454}.Release|Any CPU.Build.0 = Release|Any CPU
		{13230BD8-5170-4641-9D2B-BDED5C68587E}.Debug|Any CPU.ActiveCfg = Debug|Any CPU
		{13230BD8-5170-4641-9D2B-BDED5C68587E}.Debug|Any CPU.Build.0 = Debug|Any CPU
		{13230BD8-5170-4641-9D2B-BDED5C68587E}.Release|Any CPU.ActiveCfg = Release|Any CPU
		{13230BD8-5170-4641-9D2B-BDED5C68587E}.Release|Any CPU.Build.0 = Release|Any CPU
		{9B5E6E4A-651E-4D7C-9C1C-A8F14464A81C}.Debug|Any CPU.ActiveCfg = Debug|Any CPU
		{9B5E6E4A-651E-4D7C-9C1C-A8F14464A81C}.Debug|Any CPU.Build.0 = Debug|Any CPU
		{9B5E6E4A-651E-4D7C-9C1C-A8F14464A81C}.Release|Any CPU.ActiveCfg = Release|Any CPU
		{9B5E6E4A-651E-4D7C-9C1C-A8F14464A81C}.Release|Any CPU.Build.0 = Release|Any CPU
		{0D10A526-E2DB-48EF-8B98-08F949FEB9BD}.Debug|Any CPU.ActiveCfg = Debug|Any CPU
		{0D10A526-E2DB-48EF-8B98-08F949FEB9BD}.Debug|Any CPU.Build.0 = Debug|Any CPU
		{0D10A526-E2DB-48EF-8B98-08F949FEB9BD}.Release|Any CPU.ActiveCfg = Release|Any CPU
		{0D10A526-E2DB-48EF-8B98-08F949FEB9BD}.Release|Any CPU.Build.0 = Release|Any CPU
		{CEACFDF1-AA83-4224-933A-F3A6F84453E5}.Debug|Any CPU.ActiveCfg = Debug|Any CPU
		{CEACFDF1-AA83-4224-933A-F3A6F84453E5}.Debug|Any CPU.Build.0 = Debug|Any CPU
		{CEACFDF1-AA83-4224-933A-F3A6F84453E5}.Release|Any CPU.ActiveCfg = Release|Any CPU
		{CEACFDF1-AA83-4224-933A-F3A6F84453E5}.Release|Any CPU.Build.0 = Release|Any CPU
		{8B5375D6-2465-4A52-B2FB-1D8580DE07FE}.Debug|Any CPU.ActiveCfg = Debug|Any CPU
		{8B5375D6-2465-4A52-B2FB-1D8580DE07FE}.Debug|Any CPU.Build.0 = Debug|Any CPU
		{8B5375D6-2465-4A52-B2FB-1D8580DE07FE}.Release|Any CPU.ActiveCfg = Release|Any CPU
		{8B5375D6-2465-4A52-B2FB-1D8580DE07FE}.Release|Any CPU.Build.0 = Release|Any CPU
		{629306B7-2490-4253-A556-9100F538BC2A}.Debug|Any CPU.ActiveCfg = Debug|Any CPU
		{629306B7-2490-4253-A556-9100F538BC2A}.Debug|Any CPU.Build.0 = Debug|Any CPU
		{629306B7-2490-4253-A556-9100F538BC2A}.Release|Any CPU.ActiveCfg = Release|Any CPU
		{629306B7-2490-4253-A556-9100F538BC2A}.Release|Any CPU.Build.0 = Release|Any CPU
		{FC6BF794-9A18-4D07-98A0-3918CB505FDD}.Debug|Any CPU.ActiveCfg = Debug|Any CPU
		{FC6BF794-9A18-4D07-98A0-3918CB505FDD}.Debug|Any CPU.Build.0 = Debug|Any CPU
		{FC6BF794-9A18-4D07-98A0-3918CB505FDD}.Release|Any CPU.ActiveCfg = Release|Any CPU
		{FC6BF794-9A18-4D07-98A0-3918CB505FDD}.Release|Any CPU.Build.0 = Release|Any CPU
	EndGlobalSection
	GlobalSection(SolutionProperties) = preSolution
		HideSolutionNode = FALSE
	EndGlobalSection
	GlobalSection(NestedProjects) = preSolution
		{B39B82B8-79EA-4E46-A0E6-773A908ED7E1} = {C3EAE219-7C8B-4C0B-B9AA-C36E59A59874}
		{253E00EE-3FFF-46AD-BEBB-419E92A8F128} = {3ACAB3E7-4A8E-42FC-BED1-2E37099E8F4F}
		{5B79924E-A517-45CD-B6ED-E30A3F4CB7D1} = {3ACAB3E7-4A8E-42FC-BED1-2E37099E8F4F}
		{CCECF163-BD37-487C-AC46-E9614AE5CD06} = {22E9A3C5-552C-4670-9C96-2FC5FD0D593F}
		{62320131-9A38-4B12-A1E6-A353B2769DC4} = {FA3B4DBA-EFD5-431A-B5F8-074975E4D91B}
		{2F6A2726-9BC1-4ACD-BE1D-89CD271293F2} = {62320131-9A38-4B12-A1E6-A353B2769DC4}
		{47BBA369-47AB-437F-8A63-422D915A6EE2} = {9A88ACE1-E08A-4650-93AD-A84642F274BB}
		{5F47919D-E036-4D42-B6E3-C64E367E298C} = {47BBA369-47AB-437F-8A63-422D915A6EE2}
		{32A2EC43-0245-4B9C-971B-979D9CDDEE5E} = {3F304EDC-E2D8-4A01-B168-01114FDF0335}
		{C5D516AA-81B8-418A-A581-7C87C6466F43} = {32A2EC43-0245-4B9C-971B-979D9CDDEE5E}
		{4701C2A6-8330-4373-9E82-FC991FC07A99} = {E30BBE23-6EFC-4EC2-B1D0-8C3A3FFA5DE0}
		{E3867D7E-7166-43D3-AC6A-2C238AC1C352} = {4701C2A6-8330-4373-9E82-FC991FC07A99}
		{7630DBAC-B886-4343-87AD-205169E2CAFA} = {9980D413-7C9E-454C-B1DF-4F976FA53AE3}
		{F416CF6A-3C2F-4C70-8436-8E83DD686CB5} = {7630DBAC-B886-4343-87AD-205169E2CAFA}
		{AE2DEBEA-0E65-4A59-BC42-8BAC674BA19F} = {FB4A19CB-A6D7-493C-86C0-5CE614359733}
		{5C5D125D-580B-44E7-B60A-886208A94758} = {AE2DEBEA-0E65-4A59-BC42-8BAC674BA19F}
		{09254F93-68D6-4652-B500-76035A472251} = {7630DBAC-B886-4343-87AD-205169E2CAFA}
		{ECC4D46A-FB8C-4623-8CFD-C9C47E5CB8FB} = {56CB359F-5681-4C55-8DC5-91A2CA495F23}
		{5B5AB21A-7EED-489B-9FE0-7BBB0F0DA9A8} = {535187A3-F82B-48F3-8FAB-A8457DFE0C8C}
		{24AFA821-EAFF-4B36-928B-04E74671E63B} = {0BC4958E-F0F2-475B-8939-E35855F7408B}
		{03B38ACA-9EC4-4FE9-B2E6-CC915A1EC943} = {3EF4A781-D0CC-477A-A85B-8B4D933151FF}
		{2AA6FE9E-A93D-410D-8EB4-5F4050078C8E} = {C3EAE219-7C8B-4C0B-B9AA-C36E59A59874}
		{A323276B-5174-46C0-8673-1A7A52EFDE9B} = {FA3B4DBA-EFD5-431A-B5F8-074975E4D91B}
		{22E9A3C5-552C-4670-9C96-2FC5FD0D593F} = {A323276B-5174-46C0-8673-1A7A52EFDE9B}
		{535187A3-F82B-48F3-8FAB-A8457DFE0C8C} = {A323276B-5174-46C0-8673-1A7A52EFDE9B}
		{E30BBE23-6EFC-4EC2-B1D0-8C3A3FFA5DE0} = {FA3B4DBA-EFD5-431A-B5F8-074975E4D91B}
		{7C9A20B5-7ABC-475A-9E08-9720D939700F} = {FA3B4DBA-EFD5-431A-B5F8-074975E4D91B}
		{2D3E6BE8-F2EB-4C8E-988E-E1F76175A2F2} = {7C9A20B5-7ABC-475A-9E08-9720D939700F}
		{75320EFD-E420-48ED-8B49-5C8F216A2DC8} = {2D3E6BE8-F2EB-4C8E-988E-E1F76175A2F2}
		{9980D413-7C9E-454C-B1DF-4F976FA53AE3} = {9A88ACE1-E08A-4650-93AD-A84642F274BB}
		{36C551B0-6A94-4BED-B67E-021CD9DAD0C8} = {9A88ACE1-E08A-4650-93AD-A84642F274BB}
		{3ACAB3E7-4A8E-42FC-BED1-2E37099E8F4F} = {36C551B0-6A94-4BED-B67E-021CD9DAD0C8}
		{56CB359F-5681-4C55-8DC5-91A2CA495F23} = {36C551B0-6A94-4BED-B67E-021CD9DAD0C8}
		{7C43868B-7C9A-43E8-9D7B-7A38098B0540} = {9A88ACE1-E08A-4650-93AD-A84642F274BB}
		{EF8ED9E3-74FA-4778-A0E7-CCDEED646F8E} = {903759CB-0E56-490D-84C7-EB6C5518522E}
		{FB4A19CB-A6D7-493C-86C0-5CE614359733} = {3F304EDC-E2D8-4A01-B168-01114FDF0335}
		{BF1340FF-1CC6-40BE-B8E0-E3B69E19907C} = {3F304EDC-E2D8-4A01-B168-01114FDF0335}
		{903759CB-0E56-490D-84C7-EB6C5518522E} = {7C43868B-7C9A-43E8-9D7B-7A38098B0540}
		{3EF4A781-D0CC-477A-A85B-8B4D933151FF} = {BF1340FF-1CC6-40BE-B8E0-E3B69E19907C}
		{0BC4958E-F0F2-475B-8939-E35855F7408B} = {BF1340FF-1CC6-40BE-B8E0-E3B69E19907C}
		{ED0271DB-17AF-4D8A-96E5-ACE64E1FC8D8} = {3F304EDC-E2D8-4A01-B168-01114FDF0335}
		{F5900435-689F-44DB-92B8-FBC216660EEE} = {ED0271DB-17AF-4D8A-96E5-ACE64E1FC8D8}
		{CBC870A5-A525-4CBE-B099-C94F6E80F0BD} = {F5900435-689F-44DB-92B8-FBC216660EEE}
		{98B80A59-E680-444E-938D-6349358DCF69} = {FEBCC389-15E9-45D8-894D-D105A725441A}
		{E87C6108-C438-4D89-BFCF-D9EDEA512E69} = {FEBCC389-15E9-45D8-894D-D105A725441A}
		{B21F2F02-BB2F-4DE0-8752-CE5084FAB009} = {36C551B0-6A94-4BED-B67E-021CD9DAD0C8}
		{90E4C876-AB09-45FF-8EF3-2263322CBC8A} = {A323276B-5174-46C0-8673-1A7A52EFDE9B}
		{3E415C24-33C8-4A68-A679-8FD51C130980} = {BF1340FF-1CC6-40BE-B8E0-E3B69E19907C}
		{A13523CB-23EA-40B6-B5D4-02739E720180} = {90E4C876-AB09-45FF-8EF3-2263322CBC8A}
		{D8F7F9F6-C4A3-4328-ABF2-5E4F77CC21C1} = {B21F2F02-BB2F-4DE0-8752-CE5084FAB009}
		{3DB36524-3071-4E46-867B-59A7FC5E6454} = {3E415C24-33C8-4A68-A679-8FD51C130980}
		{13230BD8-5170-4641-9D2B-BDED5C68587E} = {C3EAE219-7C8B-4C0B-B9AA-C36E59A59874}
		{6A0E1D75-3733-4F30-AFE0-C4EEEBD3CDCF} = {FA3B4DBA-EFD5-431A-B5F8-074975E4D91B}
		{F589387F-25E8-405E-BC06-04A5F6A67BCB} = {6A0E1D75-3733-4F30-AFE0-C4EEEBD3CDCF}
		{9B5E6E4A-651E-4D7C-9C1C-A8F14464A81C} = {F589387F-25E8-405E-BC06-04A5F6A67BCB}
		{6C1CA376-4C5E-4B7D-BA58-7CF50AFFEE66} = {9A88ACE1-E08A-4650-93AD-A84642F274BB}
		{C2BB536F-744D-47BF-AF44-810A8228785D} = {6C1CA376-4C5E-4B7D-BA58-7CF50AFFEE66}
		{0D10A526-E2DB-48EF-8B98-08F949FEB9BD} = {C2BB536F-744D-47BF-AF44-810A8228785D}
		{E32EF373-E8E9-44AE-87C8-1D9E4CE88BE7} = {3F304EDC-E2D8-4A01-B168-01114FDF0335}
		{947E084C-21F0-4EAA-B0EF-4B79D409552A} = {E32EF373-E8E9-44AE-87C8-1D9E4CE88BE7}
		{CEACFDF1-AA83-4224-933A-F3A6F84453E5} = {947E084C-21F0-4EAA-B0EF-4B79D409552A}
		{8B5375D6-2465-4A52-B2FB-1D8580DE07FE} = {22E9A3C5-552C-4670-9C96-2FC5FD0D593F}
		{629306B7-2490-4253-A556-9100F538BC2A} = {9C293417-E9D1-4E1D-8C57-F595452A6042}
		{FC6BF794-9A18-4D07-98A0-3918CB505FDD} = {7630DBAC-B886-4343-87AD-205169E2CAFA}
	EndGlobalSection
	GlobalSection(ExtensibilityGlobals) = postSolution
		SolutionGuid = {6A751E6C-1C1A-4FEE-8275-65D8FEC8B542}
	EndGlobalSection
EndGlobal
